
Microsoft Visual Studio Solution File, Format Version 12.00
# Visual Studio Version 17
VisualStudioVersion = 17.0.31903.59
MinimumVisualStudioVersion = 10.0.40219.1
Project("{FAE04EC0-301F-11D3-BF4B-00C04F79EFBC}") = "ElPerrito.WPF", "ElPerrito.WPF\ElPerrito.WPF.csproj", "{48CF06E7-9E2D-4686-80F4-F93AFC8D1BD2}"
EndProject
Project("{FAE04EC0-301F-11D3-BF4B-00C04F79EFBC}") = "ElPerrito.Business", "ElPerrito.Business\ElPerrito.Business.csproj", "{CA256811-0873-43C7-B7D9-CB48D40DCCFD}"
EndProject
Project("{FAE04EC0-301F-11D3-BF4B-00C04F79EFBC}") = "ElPerrito.Data", "ElPerrito.Data\ElPerrito.Data.csproj", "{4891DD67-27C1-4C6D-B48E-9990DE600B0B}"
EndProject
Project("{FAE04EC0-301F-11D3-BF4B-00C04F79EFBC}") = "ElPerrito.Domain", "ElPerrito.Domain\ElPerrito.Domain.csproj", "{36133F02-6770-43C2-BA92-93378C6FECB4}"
EndProject
Project("{FAE04EC0-301F-11D3-BF4B-00C04F79EFBC}") = "ElPerrito.Core", "ElPerrito.Core\ElPerrito.Core.csproj", "{34E19FB5-4C1F-4F38-AD1A-CF0A6EAA857D}"
EndProject
Global
	GlobalSection(SolutionConfigurationPlatforms) = preSolution
		Debug|Any CPU = Debug|Any CPU
		Debug|x64 = Debug|x64
		Debug|x86 = Debug|x86
		Release|Any CPU = Release|Any CPU
		Release|x64 = Release|x64
		Release|x86 = Release|x86
	EndGlobalSection
	GlobalSection(ProjectConfigurationPlatforms) = postSolution
		{48CF06E7-9E2D-4686-80F4-F93AFC8D1BD2}.Debug|Any CPU.ActiveCfg = Debug|Any CPU
		{48CF06E7-9E2D-4686-80F4-F93AFC8D1BD2}.Debug|Any CPU.Build.0 = Debug|Any CPU
		{48CF06E7-9E2D-4686-80F4-F93AFC8D1BD2}.Debug|x64.ActiveCfg = Debug|Any CPU
		{48CF06E7-9E2D-4686-80F4-F93AFC8D1BD2}.Debug|x64.Build.0 = Debug|Any CPU
		{48CF06E7-9E2D-4686-80F4-F93AFC8D1BD2}.Debug|x86.ActiveCfg = Debug|Any CPU
		{48CF06E7-9E2D-4686-80F4-F93AFC8D1BD2}.Debug|x86.Build.0 = Debug|Any CPU
		{48CF06E7-9E2D-4686-80F4-F93AFC8D1BD2}.Release|Any CPU.ActiveCfg = Release|Any CPU
		{48CF06E7-9E2D-4686-80F4-F93AFC8D1BD2}.Release|Any CPU.Build.0 = Release|Any CPU
		{48CF06E7-9E2D-4686-80F4-F93AFC8D1BD2}.Release|x64.ActiveCfg = Release|Any CPU
		{48CF06E7-9E2D-4686-80F4-F93AFC8D1BD2}.Release|x64.Build.0 = Release|Any CPU
		{48CF06E7-9E2D-4686-80F4-F93AFC8D1BD2}.Release|x86.ActiveCfg = Release|Any CPU
		{48CF06E7-9E2D-4686-80F4-F93AFC8D1BD2}.Release|x86.Build.0 = Release|Any CPU
		{CA256811-0873-43C7-B7D9-CB48D40DCCFD}.Debug|Any CPU.ActiveCfg = Debug|Any CPU
		{CA256811-0873-43C7-B7D9-CB48D40DCCFD}.Debug|Any CPU.Build.0 = Debug|Any CPU
		{CA256811-0873-43C7-B7D9-CB48D40DCCFD}.Debug|x64.ActiveCfg = Debug|Any CPU
		{CA256811-0873-43C7-B7D9-CB48D40DCCFD}.Debug|x64.Build.0 = Debug|Any CPU
		{CA256811-0873-43C7-B7D9-CB48D40DCCFD}.Debug|x86.ActiveCfg = Debug|Any CPU
		{CA256811-0873-43C7-B7D9-CB48D40DCCFD}.Debug|x86.Build.0 = Debug|Any CPU
		{CA256811-0873-43C7-B7D9-CB48D40DCCFD}.Release|Any CPU.ActiveCfg = Release|Any CPU
		{CA256811-0873-43C7-B7D9-CB48D40DCCFD}.Release|Any CPU.Build.0 = Release|Any CPU
		{CA256811-0873-43C7-B7D9-CB48D40DCCFD}.Release|x64.ActiveCfg = Release|Any CPU
		{CA256811-0873-43C7-B7D9-CB48D40DCCFD}.Release|x64.Build.0 = Release|Any CPU
		{CA256811-0873-43C7-B7D9-CB48D40DCCFD}.Release|x86.ActiveCfg = Release|Any CPU
		{CA256811-0873-43C7-B7D9-CB48D40DCCFD}.Release|x86.Build.0 = Release|Any CPU
		{4891DD67-27C1-4C6D-B48E-9990DE600B0B}.Debug|Any CPU.ActiveCfg = Debug|Any CPU
		{4891DD67-27C1-4C6D-B48E-9990DE600B0B}.Debug|Any CPU.Build.0 = Debug|Any CPU
		{4891DD67-27C1-4C6D-B48E-9990DE600B0B}.Debug|x64.ActiveCfg = Debug|Any CPU
		{4891DD67-27C1-4C6D-B48E-9990DE600B0B}.Debug|x64.Build.0 = Debug|Any CPU
		{4891DD67-27C1-4C6D-B48E-9990DE600B0B}.Debug|x86.ActiveCfg = Debug|Any CPU
		{4891DD67-27C1-4C6D-B48E-9990DE600B0B}.Debug|x86.Build.0 = Debug|Any CPU
		{4891DD67-27C1-4C6D-B48E-9990DE600B0B}.Release|Any CPU.ActiveCfg = Release|Any CPU
		{4891DD67-27C1-4C6D-B48E-9990DE600B0B}.Release|Any CPU.Build.0 = Release|Any CPU
		{4891DD67-27C1-4C6D-B48E-9990DE600B0B}.Release|x64.ActiveCfg = Release|Any CPU
		{4891DD67-27C1-4C6D-B48E-9990DE600B0B}.Release|x64.Build.0 = Release|Any CPU
		{4891DD67-27C1-4C6D-B48E-9990DE600B0B}.Release|x86.ActiveCfg = Release|Any CPU
		{4891DD67-27C1-4C6D-B48E-9990DE600B0B}.Release|x86.Build.0 = Release|Any CPU
		{36133F02-6770-43C2-BA92-93378C6FECB4}.Debug|Any CPU.ActiveCfg = Debug|Any CPU
		{36133F02-6770-43C2-BA92-93378C6FECB4}.Debug|Any CPU.Build.0 = Debug|Any CPU
		{36133F02-6770-43C2-BA92-93378C6FECB4}.Debug|x64.ActiveCfg = Debug|Any CPU
		{36133F02-6770-43C2-BA92-93378C6FECB4}.Debug|x64.Build.0 = Debug|Any CPU
		{36133F02-6770-43C2-BA92-93378C6FECB4}.Debug|x86.ActiveCfg = Debug|Any CPU
		{36133F02-6770-43C2-BA92-93378C6FECB4}.Debug|x86.Build.0 = Debug|Any CPU
		{36133F02-6770-43C2-BA92-93378C6FECB4}.Release|Any CPU.ActiveCfg = Release|Any CPU
		{36133F02-6770-43C2-BA92-93378C6FECB4}.Release|Any CPU.Build.0 = Release|Any CPU
		{36133F02-6770-43C2-BA92-93378C6FECB4}.Release|x64.ActiveCfg = Release|Any CPU
		{36133F02-6770-43C2-BA92-93378C6FECB4}.Release|x64.Build.0 = Release|Any CPU
		{36133F02-6770-43C2-BA92-93378C6FECB4}.Release|x86.ActiveCfg = Release|Any CPU
		{36133F02-6770-43C2-BA92-93378C6FECB4}.Release|x86.Build.0 = Release|Any CPU
		{34E19FB5-4C1F-4F38-AD1A-CF0A6EAA857D}.Debug|Any CPU.ActiveCfg = Debug|Any CPU
		{34E19FB5-4C1F-4F38-AD1A-CF0A6EAA857D}.Debug|Any CPU.Build.0 = Debug|Any CPU
		{34E19FB5-4C1F-4F38-AD1A-CF0A6EAA857D}.Debug|x64.ActiveCfg = Debug|Any CPU
		{34E19FB5-4C1F-4F38-AD1A-CF0A6EAA857D}.Debug|x64.Build.0 = Debug|Any CPU
		{34E19FB5-4C1F-4F38-AD1A-CF0A6EAA857D}.Debug|x86.ActiveCfg = Debug|Any CPU
		{34E19FB5-4C1F-4F38-AD1A-CF0A6EAA857D}.Debug|x86.Build.0 = Debug|Any CPU
		{34E19FB5-4C1F-4F38-AD1A-CF0A6EAA857D}.Release|Any CPU.ActiveCfg = Release|Any CPU
		{34E19FB5-4C1F-4F38-AD1A-CF0A6EAA857D}.Release|Any CPU.Build.0 = Release|Any CPU
		{34E19FB5-4C1F-4F38-AD1A-CF0A6EAA857D}.Release|x64.ActiveCfg = Release|Any CPU
		{34E19FB5-4C1F-4F38-AD1A-CF0A6EAA857D}.Release|x64.Build.0 = Release|Any CPU
		{34E19FB5-4C1F-4F38-AD1A-CF0A6EAA857D}.Release|x86.ActiveCfg = Release|Any CPU
		{34E19FB5-4C1F-4F38-AD1A-CF0A6EAA857D}.Release|x86.Build.0 = Release|Any CPU
	EndGlobalSection
	GlobalSection(SolutionProperties) = preSolution
		HideSolutionNode = FALSE
	EndGlobalSection
EndGlobal
